
Microsoft Visual Studio Solution File, Format Version 12.00
# Visual Studio Version 17
VisualStudioVersion = 17.8.34330.188
MinimumVisualStudioVersion = 10.0.40219.1
Project("{9A19103F-16F7-4668-BE54-9A1E7A4F7556}") = "DriveSec", "DriveSec\DriveSec.csproj", "{0B554D34-4187-4D95-B0E3-38E34108FFED}"
EndProject
Global
	GlobalSection(SolutionConfigurationPlatforms) = preSolution
		Debug|Any CPU = Debug|Any CPU
		Release|Any CPU = Release|Any CPU
	EndGlobalSection
	GlobalSection(ProjectConfigurationPlatforms) = postSolution
		{0B554D34-4187-4D95-B0E3-38E34108FFED}.Debug|Any CPU.ActiveCfg = Debug|Any CPU
		{0B554D34-4187-4D95-B0E3-38E34108FFED}.Debug|Any CPU.Build.0 = Debug|Any CPU
		{0B554D34-4187-4D95-B0E3-38E34108FFED}.Release|Any CPU.ActiveCfg = Release|Any CPU
		{0B554D34-4187-4D95-B0E3-38E34108FFED}.Release|Any CPU.Build.0 = Release|Any CPU
	EndGlobalSection
	GlobalSection(SolutionProperties) = preSolution
		HideSolutionNode = FALSE
	EndGlobalSection
	GlobalSection(ExtensibilityGlobals) = postSolution
		SolutionGuid = {D9AC50D4-390A-4475-A57E-FD7C776B22F4}
	EndGlobalSection
EndGlobal
